{
    "_meta": {
        "hash": {
            "sha256": "c2976a8f37f6d7cc3e85d2281e1898bb01969b57f53f8de249c5c5031be3403c"
        },
        "pipfile-spec": 6,
        "requires": {
            "pip": ">=22.3.1",
            "python_version": ">=3.8"
        },
        "sources": [
            {
                "name": "pypi",
                "url": "https://pypi.org/simple",
                "verify_ssl": true
            }
        ]
    },
    "default": {},
    "develop": {}
}
